
Microsoft Visual Studio Solution File, Format Version 12.00
# Visual Studio Version 17
VisualStudioVersion = 17.3.32922.545
MinimumVisualStudioVersion = 10.0.40219.1
Project("{FAE04EC0-301F-11D3-BF4B-00C04F79EFBC}") = "SchoolOfFineArts", "SchoolOfFineArts\SchoolOfFineArts.csproj", "{CA728CA6-A398-437D-B651-78EB76453CDF}"
EndProject
Global
	GlobalSection(SolutionConfigurationPlatforms) = preSolution
		Debug|Any CPU = Debug|Any CPU
		Release|Any CPU = Release|Any CPU
	EndGlobalSection
	GlobalSection(ProjectConfigurationPlatforms) = postSolution
		{CA728CA6-A398-437D-B651-78EB76453CDF}.Debug|Any CPU.ActiveCfg = Debug|Any CPU
		{CA728CA6-A398-437D-B651-78EB76453CDF}.Debug|Any CPU.Build.0 = Debug|Any CPU
		{CA728CA6-A398-437D-B651-78EB76453CDF}.Release|Any CPU.ActiveCfg = Release|Any CPU
		{CA728CA6-A398-437D-B651-78EB76453CDF}.Release|Any CPU.Build.0 = Release|Any CPU
	EndGlobalSection
	GlobalSection(SolutionProperties) = preSolution
		HideSolutionNode = FALSE
	EndGlobalSection
	GlobalSection(ExtensibilityGlobals) = postSolution
		SolutionGuid = {8FA3DA0D-0508-4570-8C8C-CB0E53E1EF5A}
	EndGlobalSection
EndGlobal
